PODS:
  - FlutterMacOS (1.0.0)
  - openvpn_plugin (0.0.1):
    - FlutterMacOS

DEPENDENCIES:
  - FlutterMacOS (from `Flutter/ephemeral`)
  - openvpn_plugin (from `Flutter/ephemeral/.symlinks/plugins/openvpn_plugin/macos`)

EXTERNAL SOURCES:
  FlutterMacOS:
    :path: Flutter/ephemeral
  openvpn_plugin:
    :path: Flutter/ephemeral/.symlinks/plugins/openvpn_plugin/macos

SPEC CHECKSUMS:
  FlutterMacOS: 8f6f14fa908a6fb3fba0cd85dbd81ec4b251fb24
  openvpn_plugin: bdd0e44098c7bf0ce06b81c174f10e8dca33b142

PODFILE CHECKSUM: 353c8bcc5d5b0994e508d035b5431cfe18c1dea7

COCOAPODS: 1.12.0
